
Microsoft Visual Studio Solution File, Format Version 12.00
# Visual Studio Version 17
VisualStudioVersion = 17.11.35303.130
MinimumVisualStudioVersion = 10.0.40219.1
Project("{9A19103F-16F7-4668-BE54-9A1E7A4F7556}") = "Safari", "Safari.csproj", "{5F6DDE48-2FA4-4382-88CD-EB9ED5DF4AA5}"
EndProject
Project("{54435603-DBB4-11D2-8724-00A0C9A8B90C}") = "SetupSafari", "..\SetupSafari\SetupSafari.vdproj", "{992B305D-4826-4A47-9B2D-E119C34BECFE}"
EndProject
Global
	GlobalSection(SolutionConfigurationPlatforms) = preSolution
		Debug|Any CPU = Debug|Any CPU
		Release|Any CPU = Release|Any CPU
	EndGlobalSection
	GlobalSection(ProjectConfigurationPlatforms) = postSolution
		{5F6DDE48-2FA4-4382-88CD-EB9ED5DF4AA5}.Debug|Any CPU.ActiveCfg = Debug|Any CPU
		{5F6DDE48-2FA4-4382-88CD-EB9ED5DF4AA5}.Debug|Any CPU.Build.0 = Debug|Any CPU
		{5F6DDE48-2FA4-4382-88CD-EB9ED5DF4AA5}.Release|Any CPU.ActiveCfg = Release|Any CPU
		{5F6DDE48-2FA4-4382-88CD-EB9ED5DF4AA5}.Release|Any CPU.Build.0 = Release|Any CPU
		{992B305D-4826-4A47-9B2D-E119C34BECFE}.Debug|Any CPU.ActiveCfg = Debug
		{992B305D-4826-4A47-9B2D-E119C34BECFE}.Release|Any CPU.ActiveCfg = Release
	EndGlobalSection
	GlobalSection(SolutionProperties) = preSolution
		HideSolutionNode = FALSE
	EndGlobalSection
	GlobalSection(ExtensibilityGlobals) = postSolution
		SolutionGuid = {159C049F-DBDD-41FF-945B-CC161D1D62D7}
	EndGlobalSection
EndGlobal
