
Microsoft Visual Studio Solution File, Format Version 12.00
# Visual Studio Version 17
VisualStudioVersion = 17.11.35303.130
MinimumVisualStudioVersion = 10.0.40219.1
Project("{FAE04EC0-301F-11D3-BF4B-00C04F79EFBC}") = "Semaforo", "Semaforo.csproj", "{0ED762B4-1EC2-4CCB-AF7C-EE0C73D048A1}"
EndProject
Global
	GlobalSection(SolutionConfigurationPlatforms) = preSolution
		Debug|Any CPU = Debug|Any CPU
		Release|Any CPU = Release|Any CPU
	EndGlobalSection
	GlobalSection(ProjectConfigurationPlatforms) = postSolution
		{0ED762B4-1EC2-4CCB-AF7C-EE0C73D048A1}.Debug|Any CPU.ActiveCfg = Debug|Any CPU
		{0ED762B4-1EC2-4CCB-AF7C-EE0C73D048A1}.Debug|Any CPU.Build.0 = Debug|Any CPU
		{0ED762B4-1EC2-4CCB-AF7C-EE0C73D048A1}.Release|Any CPU.ActiveCfg = Release|Any CPU
		{0ED762B4-1EC2-4CCB-AF7C-EE0C73D048A1}.Release|Any CPU.Build.0 = Release|Any CPU
	EndGlobalSection
	GlobalSection(SolutionProperties) = preSolution
		HideSolutionNode = FALSE
	EndGlobalSection
	GlobalSection(ExtensibilityGlobals) = postSolution
		SolutionGuid = {2F5DCB88-DAC2-4061-84BC-44B693082350}
	EndGlobalSection
EndGlobal
