
Microsoft Visual Studio Solution File, Format Version 12.00
# Visual Studio Version 17
VisualStudioVersion = 17.11.35303.130
MinimumVisualStudioVersion = 10.0.40219.1
Project("{FAE04EC0-301F-11D3-BF4B-00C04F79EFBC}") = "NBA", "NBA.csproj", "{9CDE5CB8-3D13-46AB-8F51-322BAFD53DAF}"
EndProject
Project("{54435603-DBB4-11D2-8724-00A0C9A8B90C}") = "SetupNBA", "..\SetupNBA\SetupNBA.vdproj", "{8EA6F7D8-B666-4598-B604-CC40FD2452CC}"
EndProject
Global
	GlobalSection(SolutionConfigurationPlatforms) = preSolution
		Debug|Any CPU = Debug|Any CPU
		Release|Any CPU = Release|Any CPU
	EndGlobalSection
	GlobalSection(ProjectConfigurationPlatforms) = postSolution
		{9CDE5CB8-3D13-46AB-8F51-322BAFD53DAF}.Debug|Any CPU.ActiveCfg = Debug|Any CPU
		{9CDE5CB8-3D13-46AB-8F51-322BAFD53DAF}.Debug|Any CPU.Build.0 = Debug|Any CPU
		{9CDE5CB8-3D13-46AB-8F51-322BAFD53DAF}.Release|Any CPU.ActiveCfg = Release|Any CPU
		{9CDE5CB8-3D13-46AB-8F51-322BAFD53DAF}.Release|Any CPU.Build.0 = Release|Any CPU
		{8EA6F7D8-B666-4598-B604-CC40FD2452CC}.Debug|Any CPU.ActiveCfg = Debug
		{8EA6F7D8-B666-4598-B604-CC40FD2452CC}.Release|Any CPU.ActiveCfg = Release
	EndGlobalSection
	GlobalSection(SolutionProperties) = preSolution
		HideSolutionNode = FALSE
	EndGlobalSection
	GlobalSection(ExtensibilityGlobals) = postSolution
		SolutionGuid = {66919EBF-2CC7-4C4A-9992-A9C0FE038B0F}
	EndGlobalSection
EndGlobal
