
Microsoft Visual Studio Solution File, Format Version 12.00
# Visual Studio Version 17
VisualStudioVersion = 17.11.35303.130
MinimumVisualStudioVersion = 10.0.40219.1
Project("{FAE04EC0-301F-11D3-BF4B-00C04F79EFBC}") = "PracticaMAUI", "PracticaMAUI.csproj", "{2C7A6BD6-2F4C-42A9-BB49-0153F1DA82BB}"
EndProject
Global
	GlobalSection(SolutionConfigurationPlatforms) = preSolution
		Debug|Any CPU = Debug|Any CPU
		Release|Any CPU = Release|Any CPU
	EndGlobalSection
	GlobalSection(ProjectConfigurationPlatforms) = postSolution
		{2C7A6BD6-2F4C-42A9-BB49-0153F1DA82BB}.Debug|Any CPU.ActiveCfg = Debug|Any CPU
		{2C7A6BD6-2F4C-42A9-BB49-0153F1DA82BB}.Debug|Any CPU.Build.0 = Debug|Any CPU
		{2C7A6BD6-2F4C-42A9-BB49-0153F1DA82BB}.Debug|Any CPU.Deploy.0 = Debug|Any CPU
		{2C7A6BD6-2F4C-42A9-BB49-0153F1DA82BB}.Release|Any CPU.ActiveCfg = Release|Any CPU
		{2C7A6BD6-2F4C-42A9-BB49-0153F1DA82BB}.Release|Any CPU.Build.0 = Release|Any CPU
		{2C7A6BD6-2F4C-42A9-BB49-0153F1DA82BB}.Release|Any CPU.Deploy.0 = Release|Any CPU
	EndGlobalSection
	GlobalSection(SolutionProperties) = preSolution
		HideSolutionNode = FALSE
	EndGlobalSection
	GlobalSection(ExtensibilityGlobals) = postSolution
		SolutionGuid = {B461A3CB-8E79-4445-931E-975416340D11}
	EndGlobalSection
EndGlobal
